
Microsoft Visual Studio Solution File, Format Version 12.00
# Visual Studio 15
VisualStudioVersion = 15.0.28307.168
MinimumVisualStudioVersion = 10.0.40219.1
Project("{FAE04EC0-301F-11D3-BF4B-00C04F79EFBC}") = "KievSoft.CMSLib", "KievSoft.CMSLib\KievSoft.CMSLib.csproj", "{A63AA644-762C-4ED9-B6A4-55982DD56FCA}"
EndProject
Project("{FAE04EC0-301F-11D3-BF4B-00C04F79EFBC}") = "DBHelpers", "DBHelpers\DBHelpers.csproj", "{91853C55-BCAB-4C40-A6EC-484A93BEB676}"
EndProject
Global
	GlobalSection(SolutionConfigurationPlatforms) = preSolution
		Debug|Any CPU = Debug|Any CPU
		Release|Any CPU = Release|Any CPU
	EndGlobalSection
	GlobalSection(ProjectConfigurationPlatforms) = postSolution
		{A63AA644-762C-4ED9-B6A4-55982DD56FCA}.Debug|Any CPU.ActiveCfg = Debug|Any CPU
		{A63AA644-762C-4ED9-B6A4-55982DD56FCA}.Debug|Any CPU.Build.0 = Debug|Any CPU
		{A63AA644-762C-4ED9-B6A4-55982DD56FCA}.Release|Any CPU.ActiveCfg = Release|Any CPU
		{A63AA644-762C-4ED9-B6A4-55982DD56FCA}.Release|Any CPU.Build.0 = Release|Any CPU
		{91853C55-BCAB-4C40-A6EC-484A93BEB676}.Debug|Any CPU.ActiveCfg = Debug|Any CPU
		{91853C55-BCAB-4C40-A6EC-484A93BEB676}.Debug|Any CPU.Build.0 = Debug|Any CPU
		{91853C55-BCAB-4C40-A6EC-484A93BEB676}.Release|Any CPU.ActiveCfg = Release|Any CPU
		{91853C55-BCAB-4C40-A6EC-484A93BEB676}.Release|Any CPU.Build.0 = Release|Any CPU
	EndGlobalSection
	GlobalSection(SolutionProperties) = preSolution
		HideSolutionNode = FALSE
	EndGlobalSection
	GlobalSection(ExtensibilityGlobals) = postSolution
		SolutionGuid = {4C454FCC-5015-463A-911E-5281B180C30F}
	EndGlobalSection
EndGlobal
